
Microsoft Visual Studio Solution File, Format Version 12.00
# Visual Studio 14
VisualStudioVersion = 14.0.25420.1
MinimumVisualStudioVersion = 10.0.40219.1
Project("{FAE04EC0-301F-11D3-BF4B-00C04F79EFBC}") = "GroceryCoKiosk", "GroceryCoKiosk\GroceryCoKiosk.csproj", "{5EF60EDC-E170-4F31-92C6-1FC5B45BF517}"
EndProject
Project("{2150E333-8FDC-42A3-9474-1A3956D46DE8}") = "Solution Items", "Solution Items", "{1CBD90E3-3349-4C6A-9AE4-80994A52F818}"
EndProject
Project("{FAE04EC0-301F-11D3-BF4B-00C04F79EFBC}") = "UnitTestGroceryCoKiosk", "UnitTestGroceryCoKiosk\UnitTestGroceryCoKiosk.csproj", "{746DE0E7-F842-43C3-95F2-715E45CF1A29}"
EndProject
Global
	GlobalSection(SolutionConfigurationPlatforms) = preSolution
		Debug|Any CPU = Debug|Any CPU
		Release|Any CPU = Release|Any CPU
	EndGlobalSection
	GlobalSection(ProjectConfigurationPlatforms) = postSolution
		{5EF60EDC-E170-4F31-92C6-1FC5B45BF517}.Debug|Any CPU.ActiveCfg = Debug|Any CPU
		{5EF60EDC-E170-4F31-92C6-1FC5B45BF517}.Debug|Any CPU.Build.0 = Debug|Any CPU
		{5EF60EDC-E170-4F31-92C6-1FC5B45BF517}.Release|Any CPU.ActiveCfg = Release|Any CPU
		{5EF60EDC-E170-4F31-92C6-1FC5B45BF517}.Release|Any CPU.Build.0 = Release|Any CPU
		{746DE0E7-F842-43C3-95F2-715E45CF1A29}.Debug|Any CPU.ActiveCfg = Debug|Any CPU
		{746DE0E7-F842-43C3-95F2-715E45CF1A29}.Debug|Any CPU.Build.0 = Debug|Any CPU
		{746DE0E7-F842-43C3-95F2-715E45CF1A29}.Release|Any CPU.ActiveCfg = Release|Any CPU
		{746DE0E7-F842-43C3-95F2-715E45CF1A29}.Release|Any CPU.Build.0 = Release|Any CPU
	EndGlobalSection
	GlobalSection(SolutionProperties) = preSolution
		HideSolutionNode = FALSE
	EndGlobalSection
EndGlobal
